
Microsoft Visual Studio Solution File, Format Version 12.00
# Visual Studio Version 17
VisualStudioVersion = 17.9.34607.119
MinimumVisualStudioVersion = 10.0.40219.1
Project("{9A19103F-16F7-4668-BE54-9A1E7A4F7556}") = "SurronCommunication_BmsDemo", "SurronCommunication_BmsDemo\SurronCommunication_BmsDemo.csproj", "{25822700-75C4-4C14-9137-98275E9217B6}"
EndProject
Project("{9A19103F-16F7-4668-BE54-9A1E7A4F7556}") = "SurronCommunication", "SurronCommunication\SurronCommunication.csproj", "{729F92C3-E876-483B-A366-2DC101103246}"
EndProject
Project("{9A19103F-16F7-4668-BE54-9A1E7A4F7556}") = "SurronCommunication_Tests", "SurronCommunication_Tests\SurronCommunication_Tests.csproj", "{D551435E-D7AC-405B-A928-87490FD16FDC}"
EndProject
Project("{11A8DD76-328B-46DF-9F39-F559912D0360}") = "SurronCommunication_Logger", "SurronCommunication_Logger\SurronCommunication_Logger.nfproj", "{CD8E41B8-2781-4BB7-80CD-1FB98824FB8C}"
EndProject
Project("{11A8DD76-328B-46DF-9F39-F559912D0360}") = "SurronCommunication_NanoFramework", "SurronCommunication_NanoFramework\SurronCommunication_NanoFramework.nfproj", "{FACF843D-F024-44B2-9A40-B030755D0A50}"
EndProject
Project("{9A19103F-16F7-4668-BE54-9A1E7A4F7556}") = "SurronCommunication_BatterySimulator", "SurronCommunication_BatterySimulator\SurronCommunication_BatterySimulator.csproj", "{020FEAD7-88CA-4BED-9659-E19F5012875F}"
EndProject
Project("{2150E333-8FDC-42A3-9474-1A3956D46DE8}") = "01_Library", "01_Library", "{A339D36F-5EAB-4094-81D0-A66D56A89688}"
EndProject
Project("{2150E333-8FDC-42A3-9474-1A3956D46DE8}") = "02_Tests", "02_Tests", "{582A948B-8CAD-45DF-83CF-CD797831DDDD}"
EndProject
Project("{2150E333-8FDC-42A3-9474-1A3956D46DE8}") = "03_Examples", "03_Examples", "{F4970D7A-1FA3-446C-B67A-4CB607E360B9}"
EndProject
Project("{9A19103F-16F7-4668-BE54-9A1E7A4F7556}") = "SurronCommunication_EscSimulator", "SurronCommunication_EscSimulator\SurronCommunication_EscSimulator.csproj", "{5CE64D20-D40C-49A8-B07C-BEB8664E766B}"
EndProject
Project("{9A19103F-16F7-4668-BE54-9A1E7A4F7556}") = "SurronLogger_Uploader", "SurronLogger_Uploader\SurronLogger_Uploader.csproj", "{990F2E64-3CE0-4AD2-8EF4-248D7817113B}"
EndProject
Global
	GlobalSection(SolutionConfigurationPlatforms) = preSolution
		Debug|Any CPU = Debug|Any CPU
		Release|Any CPU = Release|Any CPU
	EndGlobalSection
	GlobalSection(ProjectConfigurationPlatforms) = postSolution
		{25822700-75C4-4C14-9137-98275E9217B6}.Debug|Any CPU.ActiveCfg = Debug|Any CPU
		{25822700-75C4-4C14-9137-98275E9217B6}.Debug|Any CPU.Build.0 = Debug|Any CPU
		{25822700-75C4-4C14-9137-98275E9217B6}.Release|Any CPU.ActiveCfg = Release|Any CPU
		{25822700-75C4-4C14-9137-98275E9217B6}.Release|Any CPU.Build.0 = Release|Any CPU
		{729F92C3-E876-483B-A366-2DC101103246}.Debug|Any CPU.ActiveCfg = Debug|Any CPU
		{729F92C3-E876-483B-A366-2DC101103246}.Debug|Any CPU.Build.0 = Debug|Any CPU
		{729F92C3-E876-483B-A366-2DC101103246}.Release|Any CPU.ActiveCfg = Release|Any CPU
		{729F92C3-E876-483B-A366-2DC101103246}.Release|Any CPU.Build.0 = Release|Any CPU
		{D551435E-D7AC-405B-A928-87490FD16FDC}.Debug|Any CPU.ActiveCfg = Debug|Any CPU
		{D551435E-D7AC-405B-A928-87490FD16FDC}.Debug|Any CPU.Build.0 = Debug|Any CPU
		{D551435E-D7AC-405B-A928-87490FD16FDC}.Release|Any CPU.ActiveCfg = Release|Any CPU
		{D551435E-D7AC-405B-A928-87490FD16FDC}.Release|Any CPU.Build.0 = Release|Any CPU
		{CD8E41B8-2781-4BB7-80CD-1FB98824FB8C}.Debug|Any CPU.ActiveCfg = Debug|Any CPU
		{CD8E41B8-2781-4BB7-80CD-1FB98824FB8C}.Debug|Any CPU.Build.0 = Debug|Any CPU
		{CD8E41B8-2781-4BB7-80CD-1FB98824FB8C}.Debug|Any CPU.Deploy.0 = Debug|Any CPU
		{CD8E41B8-2781-4BB7-80CD-1FB98824FB8C}.Release|Any CPU.ActiveCfg = Release|Any CPU
		{CD8E41B8-2781-4BB7-80CD-1FB98824FB8C}.Release|Any CPU.Build.0 = Release|Any CPU
		{CD8E41B8-2781-4BB7-80CD-1FB98824FB8C}.Release|Any CPU.Deploy.0 = Release|Any CPU
		{FACF843D-F024-44B2-9A40-B030755D0A50}.Debug|Any CPU.ActiveCfg = Debug|Any CPU
		{FACF843D-F024-44B2-9A40-B030755D0A50}.Debug|Any CPU.Build.0 = Debug|Any CPU
		{FACF843D-F024-44B2-9A40-B030755D0A50}.Debug|Any CPU.Deploy.0 = Debug|Any CPU
		{FACF843D-F024-44B2-9A40-B030755D0A50}.Release|Any CPU.ActiveCfg = Release|Any CPU
		{FACF843D-F024-44B2-9A40-B030755D0A50}.Release|Any CPU.Build.0 = Release|Any CPU
		{FACF843D-F024-44B2-9A40-B030755D0A50}.Release|Any CPU.Deploy.0 = Release|Any CPU
		{020FEAD7-88CA-4BED-9659-E19F5012875F}.Debug|Any CPU.ActiveCfg = Debug|Any CPU
		{020FEAD7-88CA-4BED-9659-E19F5012875F}.Debug|Any CPU.Build.0 = Debug|Any CPU
		{020FEAD7-88CA-4BED-9659-E19F5012875F}.Release|Any CPU.ActiveCfg = Release|Any CPU
		{020FEAD7-88CA-4BED-9659-E19F5012875F}.Release|Any CPU.Build.0 = Release|Any CPU
		{5CE64D20-D40C-49A8-B07C-BEB8664E766B}.Debug|Any CPU.ActiveCfg = Debug|Any CPU
		{5CE64D20-D40C-49A8-B07C-BEB8664E766B}.Debug|Any CPU.Build.0 = Debug|Any CPU
		{5CE64D20-D40C-49A8-B07C-BEB8664E766B}.Release|Any CPU.ActiveCfg = Release|Any CPU
		{5CE64D20-D40C-49A8-B07C-BEB8664E766B}.Release|Any CPU.Build.0 = Release|Any CPU
		{990F2E64-3CE0-4AD2-8EF4-248D7817113B}.Debug|Any CPU.ActiveCfg = Debug|Any CPU
		{990F2E64-3CE0-4AD2-8EF4-248D7817113B}.Debug|Any CPU.Build.0 = Debug|Any CPU
		{990F2E64-3CE0-4AD2-8EF4-248D7817113B}.Release|Any CPU.ActiveCfg = Release|Any CPU
		{990F2E64-3CE0-4AD2-8EF4-248D7817113B}.Release|Any CPU.Build.0 = Release|Any CPU
	EndGlobalSection
	GlobalSection(SolutionProperties) = preSolution
		HideSolutionNode = FALSE
	EndGlobalSection
	GlobalSection(NestedProjects) = preSolution
		{25822700-75C4-4C14-9137-98275E9217B6} = {F4970D7A-1FA3-446C-B67A-4CB607E360B9}
		{729F92C3-E876-483B-A366-2DC101103246} = {A339D36F-5EAB-4094-81D0-A66D56A89688}
		{D551435E-D7AC-405B-A928-87490FD16FDC} = {582A948B-8CAD-45DF-83CF-CD797831DDDD}
		{CD8E41B8-2781-4BB7-80CD-1FB98824FB8C} = {F4970D7A-1FA3-446C-B67A-4CB607E360B9}
		{FACF843D-F024-44B2-9A40-B030755D0A50} = {A339D36F-5EAB-4094-81D0-A66D56A89688}
		{020FEAD7-88CA-4BED-9659-E19F5012875F} = {F4970D7A-1FA3-446C-B67A-4CB607E360B9}
		{5CE64D20-D40C-49A8-B07C-BEB8664E766B} = {F4970D7A-1FA3-446C-B67A-4CB607E360B9}
		{990F2E64-3CE0-4AD2-8EF4-248D7817113B} = {F4970D7A-1FA3-446C-B67A-4CB607E360B9}
	EndGlobalSection
	GlobalSection(ExtensibilityGlobals) = postSolution
		SolutionGuid = {E39BA94C-E298-4607-9D1F-769AB6EA764A}
	EndGlobalSection
EndGlobal
